
Microsoft Visual Studio Solution File, Format Version 12.00
# Visual Studio Version 17
VisualStudioVersion = 17.3.32929.385
MinimumVisualStudioVersion = 10.0.40219.1
Project("{8BC9CEB8-8B4A-11D0-8D11-00A0C91BC942}") = "在有序数组中寻找元素", "在有序数组中寻找元素\在有序数组中寻找元素.vcxproj", "{267EED8B-B914-423A-BF4C-DD1985B35A31}"
EndProject
Global
	GlobalSection(SolutionConfigurationPlatforms) = preSolution
		Debug|x64 = Debug|x64
		Debug|x86 = Debug|x86
		Release|x64 = Release|x64
		Release|x86 = Release|x86
	EndGlobalSection
	GlobalSection(ProjectConfigurationPlatforms) = postSolution
		{267EED8B-B914-423A-BF4C-DD1985B35A31}.Debug|x64.ActiveCfg = Debug|x64
		{267EED8B-B914-423A-BF4C-DD1985B35A31}.Debug|x64.Build.0 = Debug|x64
		{267EED8B-B914-423A-BF4C-DD1985B35A31}.Debug|x86.ActiveCfg = Debug|Win32
		{267EED8B-B914-423A-BF4C-DD1985B35A31}.Debug|x86.Build.0 = Debug|Win32
		{267EED8B-B914-423A-BF4C-DD1985B35A31}.Release|x64.ActiveCfg = Release|x64
		{267EED8B-B914-423A-BF4C-DD1985B35A31}.Release|x64.Build.0 = Release|x64
		{267EED8B-B914-423A-BF4C-DD1985B35A31}.Release|x86.ActiveCfg = Release|Win32
		{267EED8B-B914-423A-BF4C-DD1985B35A31}.Release|x86.Build.0 = Release|Win32
	EndGlobalSection
	GlobalSection(SolutionProperties) = preSolution
		HideSolutionNode = FALSE
	EndGlobalSection
	GlobalSection(ExtensibilityGlobals) = postSolution
		SolutionGuid = {3885948F-6C32-45D0-A88E-87E860C29E18}
	EndGlobalSection
EndGlobal
