
Microsoft Visual Studio Solution File, Format Version 12.00
# Visual Studio Version 17
VisualStudioVersion = 17.3.32929.385
MinimumVisualStudioVersion = 10.0.40219.1
Project("{8BC9CEB8-8B4A-11D0-8D11-00A0C91BC942}") = "计算分子为1，分母加1递增，交错加减的值（先减后加）", "计算分子为1，分母加1递增，交错加减的值（先减后加）\计算分子为1，分母加1递增，交错加减的值（先减后加）.vcxproj", "{EAD09CD4-AAFC-46D6-9AF6-C65FAA6D528A}"
EndProject
Global
	GlobalSection(SolutionConfigurationPlatforms) = preSolution
		Debug|x64 = Debug|x64
		Debug|x86 = Debug|x86
		Release|x64 = Release|x64
		Release|x86 = Release|x86
	EndGlobalSection
	GlobalSection(ProjectConfigurationPlatforms) = postSolution
		{EAD09CD4-AAFC-46D6-9AF6-C65FAA6D528A}.Debug|x64.ActiveCfg = Debug|x64
		{EAD09CD4-AAFC-46D6-9AF6-C65FAA6D528A}.Debug|x64.Build.0 = Debug|x64
		{EAD09CD4-AAFC-46D6-9AF6-C65FAA6D528A}.Debug|x86.ActiveCfg = Debug|Win32
		{EAD09CD4-AAFC-46D6-9AF6-C65FAA6D528A}.Debug|x86.Build.0 = Debug|Win32
		{EAD09CD4-AAFC-46D6-9AF6-C65FAA6D528A}.Release|x64.ActiveCfg = Release|x64
		{EAD09CD4-AAFC-46D6-9AF6-C65FAA6D528A}.Release|x64.Build.0 = Release|x64
		{EAD09CD4-AAFC-46D6-9AF6-C65FAA6D528A}.Release|x86.ActiveCfg = Release|Win32
		{EAD09CD4-AAFC-46D6-9AF6-C65FAA6D528A}.Release|x86.Build.0 = Release|Win32
	EndGlobalSection
	GlobalSection(SolutionProperties) = preSolution
		HideSolutionNode = FALSE
	EndGlobalSection
	GlobalSection(ExtensibilityGlobals) = postSolution
		SolutionGuid = {BDC5E749-52F0-406F-B74F-1CBBD5616ED8}
	EndGlobalSection
EndGlobal
