
Microsoft Visual Studio Solution File, Format Version 12.00
# Visual Studio Version 17
VisualStudioVersion = 17.3.32929.385
MinimumVisualStudioVersion = 10.0.40219.1
Project("{8BC9CEB8-8B4A-11D0-8D11-00A0C91BC942}") = "函数递归：接收一个无符号整型值，按顺序打印它的每一位", "函数递归：接收一个无符号整型值，按顺序打印它的每一位\函数递归：接收一个无符号整型值，按顺序打印它的每一位.vcxproj", "{BEE82D65-9E8E-487A-BF60-C6563FC880B1}"
EndProject
Global
	GlobalSection(SolutionConfigurationPlatforms) = preSolution
		Debug|x64 = Debug|x64
		Debug|x86 = Debug|x86
		Release|x64 = Release|x64
		Release|x86 = Release|x86
	EndGlobalSection
	GlobalSection(ProjectConfigurationPlatforms) = postSolution
		{BEE82D65-9E8E-487A-BF60-C6563FC880B1}.Debug|x64.ActiveCfg = Debug|x64
		{BEE82D65-9E8E-487A-BF60-C6563FC880B1}.Debug|x64.Build.0 = Debug|x64
		{BEE82D65-9E8E-487A-BF60-C6563FC880B1}.Debug|x86.ActiveCfg = Debug|Win32
		{BEE82D65-9E8E-487A-BF60-C6563FC880B1}.Debug|x86.Build.0 = Debug|Win32
		{BEE82D65-9E8E-487A-BF60-C6563FC880B1}.Release|x64.ActiveCfg = Release|x64
		{BEE82D65-9E8E-487A-BF60-C6563FC880B1}.Release|x64.Build.0 = Release|x64
		{BEE82D65-9E8E-487A-BF60-C6563FC880B1}.Release|x86.ActiveCfg = Release|Win32
		{BEE82D65-9E8E-487A-BF60-C6563FC880B1}.Release|x86.Build.0 = Release|Win32
	EndGlobalSection
	GlobalSection(SolutionProperties) = preSolution
		HideSolutionNode = FALSE
	EndGlobalSection
	GlobalSection(ExtensibilityGlobals) = postSolution
		SolutionGuid = {32EF0E9D-5292-4A94-B88D-4F49F22A738D}
	EndGlobalSection
EndGlobal
