
Microsoft Visual Studio Solution File, Format Version 12.00
# Visual Studio Version 17
VisualStudioVersion = 17.3.32929.385
MinimumVisualStudioVersion = 10.0.40219.1
Project("{8BC9CEB8-8B4A-11D0-8D11-00A0C91BC942}") = "数据类型占用字节", "数据类型占用字节\数据类型占用字节.vcxproj", "{B1411B90-3F0D-4539-A2C4-31D6C9CE4ADE}"
EndProject
Global
	GlobalSection(SolutionConfigurationPlatforms) = preSolution
		Debug|x64 = Debug|x64
		Debug|x86 = Debug|x86
		Release|x64 = Release|x64
		Release|x86 = Release|x86
	EndGlobalSection
	GlobalSection(ProjectConfigurationPlatforms) = postSolution
		{B1411B90-3F0D-4539-A2C4-31D6C9CE4ADE}.Debug|x64.ActiveCfg = Debug|x64
		{B1411B90-3F0D-4539-A2C4-31D6C9CE4ADE}.Debug|x64.Build.0 = Debug|x64
		{B1411B90-3F0D-4539-A2C4-31D6C9CE4ADE}.Debug|x86.ActiveCfg = Debug|Win32
		{B1411B90-3F0D-4539-A2C4-31D6C9CE4ADE}.Debug|x86.Build.0 = Debug|Win32
		{B1411B90-3F0D-4539-A2C4-31D6C9CE4ADE}.Release|x64.ActiveCfg = Release|x64
		{B1411B90-3F0D-4539-A2C4-31D6C9CE4ADE}.Release|x64.Build.0 = Release|x64
		{B1411B90-3F0D-4539-A2C4-31D6C9CE4ADE}.Release|x86.ActiveCfg = Release|Win32
		{B1411B90-3F0D-4539-A2C4-31D6C9CE4ADE}.Release|x86.Build.0 = Release|Win32
	EndGlobalSection
	GlobalSection(SolutionProperties) = preSolution
		HideSolutionNode = FALSE
	EndGlobalSection
	GlobalSection(ExtensibilityGlobals) = postSolution
		SolutionGuid = {862B582F-A698-4392-A23A-09C5E2BAEFE0}
	EndGlobalSection
EndGlobal
